{
  "version": 4,
  "terraform_version": "1.14.7",
  "serial": 12,
  "lineage": "cf0eec05-4ee2-f2eb-f9d7-dbbc94e92ebe",
  "outputs": {
    "public_ip": {
      "value": "20.197.28.110",
      "type": "string"
    }
  },
  "resources": [
    {
      "mode": "managed",
      "type": "azurerm_linux_virtual_machine",
      "name": "vm",
      "provider": "provider[\"registry.terraform.io/hashicorp/azurerm\"]",
      "instances": [
        {
          "schema_version": 0,
          "attributes": {
            "additional_capabilities": [],
            "admin_password": null,
            "admin_ssh_key": [
              {
                "public_key": "ssh-rsa AAAAB3NzaC1yc2EAAAADAQABAAACAQCubcASu9FF+O9uIqdEm6HeZtVCfS6EqeZU5E62vcU8sexfJTDQ03bcGl7X17dYjUVPFHOy5g1VYAQ7vuUwzEePN9r+lA+BOlDxjxNqrb111m+N0Dx4J+VW3QX3mDDfsbDIj/5xwP6yWtR3FR4x03JCwInLFHGTYCr3GadiDRWOQvBZNHEMtJuVluxg9xh2wMbcpv2QEb1lbP8z7t5vYfsQrjse3XnZuxkup4XrE4IPbIQ7MAA9p/ryvmHoG6Qcj6BomT1RNiJHu0aedUZ1E7CLw8jA1pLIgboQYMIV57t3XH4PPD9UUKcN2cKyX1VItBHWW1ZAq/JemwM+lFG5XFlHqwO231vZRKJTEeumMwXEmpPUqH0e4lZU+Qtmpm+cHlDU8zoJTw1Qln1QuGXyWvG9AhrjqA1JWKUnenVnEmbvFiI3jfInj/wXziGp/NGW8Sd8R52RrM9PTTFQPAIEFLWQHFYVjUCLULvEpSrQ8osbKhsgO6gaIirNCijYOqsynPbyHDO8YDYc8L42glKjOh25Hi2GZ96aZPXQ5Ashq6EZwzBRWmd27u+zejwzzq7LplJWzENIUp25AeJakGr4fsyl6lVco1zsAUZrCd1PcRoGrPP2Bkm7W8Y7Ej7qfCaUvMH66hB0U3VNvrCh0yeLk5PfNzIwL6LGj3O+maLpkm8yWw== irielle@DESKTOP-E77KVK9\r\n",
                "username": "azureuser"
              }
            ],
            "admin_username": "azureuser",
            "allow_extension_operations": true,
            "availability_set_id": "",
            "boot_diagnostics": [],
            "bypass_platform_safety_checks_on_user_schedule_enabled": false,
            "capacity_reservation_group_id": "",
            "computer_name": "agriprice-vm",
            "custom_data": null,
            "dedicated_host_group_id": "",
            "dedicated_host_id": "",
            "disable_password_authentication": true,
            "disk_controller_type": "SCSI",
            "edge_zone": "",
            "encryption_at_host_enabled": false,
            "eviction_policy": "",
            "extensions_time_budget": "PT1H30M",
            "gallery_application": [],
            "id": "/subscriptions/daa01f88-199d-4602-96dc-e60571419112/resourceGroups/agriprice-rg/providers/Microsoft.Compute/virtualMachines/agriprice-vm",
            "identity": [],
            "license_type": "",
            "location": "centralindia",
            "max_bid_price": -1,
            "name": "agriprice-vm",
            "network_interface_ids": [
              "/subscriptions/daa01f88-199d-4602-96dc-e60571419112/resourceGroups/agriprice-rg/providers/Microsoft.Network/networkInterfaces/agriprice-nic"
            ],
            "os_disk": [
              {
                "caching": "ReadWrite",
                "diff_disk_settings": [],
                "disk_encryption_set_id": "",
                "disk_size_gb": 30,
                "name": "agriprice-vm_disk1_a3cd6ec3859d49a09d7de5d2a55298d0",
                "secure_vm_disk_encryption_set_id": "",
                "security_encryption_type": "",
                "storage_account_type": "Standard_LRS",
                "write_accelerator_enabled": false
              }
            ],
            "os_image_notification": [],
            "patch_assessment_mode": "ImageDefault",
            "patch_mode": "ImageDefault",
            "plan": [],
            "platform_fault_domain": -1,
            "priority": "Regular",
            "private_ip_address": "10.0.1.4",
            "private_ip_addresses": [
              "10.0.1.4"
            ],
            "provision_vm_agent": true,
            "proximity_placement_group_id": "",
            "public_ip_address": "20.197.28.110",
            "public_ip_addresses": [
              "20.197.28.110"
            ],
            "reboot_setting": "",
            "resource_group_name": "agriprice-rg",
            "secret": [],
            "secure_boot_enabled": false,
            "size": "Standard_D2s_v3",
            "source_image_id": "",
            "source_image_reference": [
              {
                "offer": "0001-com-ubuntu-server-jammy",
                "publisher": "Canonical",
                "sku": "22_04-lts-gen2",
                "version": "latest"
              }
            ],
            "tags": {},
            "termination_notification": [],
            "timeouts": null,
            "user_data": "",
            "virtual_machine_id": "340a7da3-25e7-4364-b943-d5343a13a7f3",
            "virtual_machine_scale_set_id": "",
            "vm_agent_platform_updates_enabled": false,
            "vtpm_enabled": false,
            "zone": ""
          },
          "sensitive_attributes": [
            [
              {
                "type": "get_attr",
                "value": "admin_password"
              }
            ],
            [
              {
                "type": "get_attr",
                "value": "custom_data"
              }
            ]
          ],
          "identity_schema_version": 0,
          "private": "eyJlMmJmYjczMC1lY2FhLTExZTYtOGY4OC0zNDM2M2JjN2M0YzAiOnsiY3JlYXRlIjoyNzAwMDAwMDAwMDAwLCJkZWxldGUiOjI3MDAwMDAwMDAwMDAsInJlYWQiOjMwMDAwMDAwMDAwMCwidXBkYXRlIjoyNzAwMDAwMDAwMDAwfX0=",
          "dependencies": [
            "azurerm_network_interface.nic",
            "azurerm_public_ip.pip",
            "azurerm_resource_group.rg",
            "azurerm_subnet.subnet",
            "azurerm_virtual_network.vnet"
          ]
        }
      ]
    },
    {
      "mode": "managed",
      "type": "azurerm_network_interface",
      "name": "nic",
      "provider": "provider[\"registry.terraform.io/hashicorp/azurerm\"]",
      "instances": [
        {
          "schema_version": 0,
          "attributes": {
            "accelerated_networking_enabled": false,
            "applied_dns_servers": [],
            "auxiliary_mode": "",
            "auxiliary_sku": "",
            "dns_servers": [],
            "edge_zone": "",
            "enable_accelerated_networking": false,
            "enable_ip_forwarding": false,
            "id": "/subscriptions/daa01f88-199d-4602-96dc-e60571419112/resourceGroups/agriprice-rg/providers/Microsoft.Network/networkInterfaces/agriprice-nic",
            "internal_dns_name_label": "",
            "internal_domain_name_suffix": "1j2me00honkuxffubdqycax5oa.rx.internal.cloudapp.net",
            "ip_configuration": [
              {
                "gateway_load_balancer_frontend_ip_configuration_id": "",
                "name": "internal",
                "primary": true,
                "private_ip_address": "10.0.1.4",
                "private_ip_address_allocation": "Dynamic",
                "private_ip_address_version": "IPv4",
                "public_ip_address_id": "/subscriptions/daa01f88-199d-4602-96dc-e60571419112/resourceGroups/agriprice-rg/providers/Microsoft.Network/publicIPAddresses/agriprice-pip",
                "subnet_id": "/subscriptions/daa01f88-199d-4602-96dc-e60571419112/resourceGroups/agriprice-rg/providers/Microsoft.Network/virtualNetworks/agriprice-vnet/subnets/agriprice-subnet"
              }
            ],
            "ip_forwarding_enabled": false,
            "location": "centralindia",
            "mac_address": "60-45-BD-72-26-85",
            "name": "agriprice-nic",
            "private_ip_address": "10.0.1.4",
            "private_ip_addresses": [
              "10.0.1.4"
            ],
            "resource_group_name": "agriprice-rg",
            "tags": {},
            "timeouts": null,
            "virtual_machine_id": "/subscriptions/daa01f88-199d-4602-96dc-e60571419112/resourceGroups/agriprice-rg/providers/Microsoft.Compute/virtualMachines/agriprice-vm"
          },
          "sensitive_attributes": [],
          "identity_schema_version": 0,
          "private": "eyJlMmJmYjczMC1lY2FhLTExZTYtOGY4OC0zNDM2M2JjN2M0YzAiOnsiY3JlYXRlIjoxODAwMDAwMDAwMDAwLCJkZWxldGUiOjE4MDAwMDAwMDAwMDAsInJlYWQiOjMwMDAwMDAwMDAwMCwidXBkYXRlIjoxODAwMDAwMDAwMDAwfX0=",
          "dependencies": [
            "azurerm_public_ip.pip",
            "azurerm_resource_group.rg",
            "azurerm_subnet.subnet",
            "azurerm_virtual_network.vnet"
          ]
        }
      ]
    },
    {
      "mode": "managed",
      "type": "azurerm_network_security_group",
      "name": "nsg",
      "provider": "provider[\"registry.terraform.io/hashicorp/azurerm\"]",
      "instances": [
        {
          "schema_version": 0,
          "attributes": {
            "id": "/subscriptions/daa01f88-199d-4602-96dc-e60571419112/resourceGroups/agriprice-rg/providers/Microsoft.Network/networkSecurityGroups/agriprice-nsg",
            "location": "centralindia",
            "name": "agriprice-nsg",
            "resource_group_name": "agriprice-rg",
            "security_rule": [
              {
                "access": "Allow",
                "description": null,
                "destination_address_prefix": "*",
                "destination_address_prefixes": [],
                "destination_application_security_group_ids": [],
                "destination_port_range": "22",
                "destination_port_ranges": [],
                "direction": "Inbound",
                "name": "SSH",
                "priority": 1001,
                "protocol": "Tcp",
                "source_address_prefix": "*",
                "source_address_prefixes": [],
                "source_application_security_group_ids": [],
                "source_port_range": "*",
                "source_port_ranges": []
              }
            ],
            "tags": {},
            "timeouts": null
          },
          "sensitive_attributes": [],
          "identity_schema_version": 0,
          "private": "eyJlMmJmYjczMC1lY2FhLTExZTYtOGY4OC0zNDM2M2JjN2M0YzAiOnsiY3JlYXRlIjoxODAwMDAwMDAwMDAwLCJkZWxldGUiOjE4MDAwMDAwMDAwMDAsInJlYWQiOjMwMDAwMDAwMDAwMCwidXBkYXRlIjoxODAwMDAwMDAwMDAwfX0=",
          "dependencies": [
            "azurerm_resource_group.rg"
          ]
        }
      ]
    },
    {
      "mode": "managed",
      "type": "azurerm_public_ip",
      "name": "pip",
      "provider": "provider[\"registry.terraform.io/hashicorp/azurerm\"]",
      "instances": [
        {
          "schema_version": 0,
          "attributes": {
            "allocation_method": "Static",
            "ddos_protection_mode": "VirtualNetworkInherited",
            "ddos_protection_plan_id": null,
            "domain_name_label": null,
            "edge_zone": "",
            "fqdn": null,
            "id": "/subscriptions/daa01f88-199d-4602-96dc-e60571419112/resourceGroups/agriprice-rg/providers/Microsoft.Network/publicIPAddresses/agriprice-pip",
            "idle_timeout_in_minutes": 4,
            "ip_address": "20.197.28.110",
            "ip_tags": {},
            "ip_version": "IPv4",
            "location": "centralindia",
            "name": "agriprice-pip",
            "public_ip_prefix_id": null,
            "resource_group_name": "agriprice-rg",
            "reverse_fqdn": null,
            "sku": "Standard",
            "sku_tier": "Regional",
            "tags": {},
            "timeouts": null,
            "zones": []
          },
          "sensitive_attributes": [],
          "identity_schema_version": 0,
          "private": "eyJlMmJmYjczMC1lY2FhLTExZTYtOGY4OC0zNDM2M2JjN2M0YzAiOnsiY3JlYXRlIjoxODAwMDAwMDAwMDAwLCJkZWxldGUiOjE4MDAwMDAwMDAwMDAsInJlYWQiOjMwMDAwMDAwMDAwMCwidXBkYXRlIjoxODAwMDAwMDAwMDAwfX0=",
          "dependencies": [
            "azurerm_resource_group.rg"
          ]
        }
      ]
    },
    {
      "mode": "managed",
      "type": "azurerm_resource_group",
      "name": "rg",
      "provider": "provider[\"registry.terraform.io/hashicorp/azurerm\"]",
      "instances": [
        {
          "schema_version": 0,
          "attributes": {
            "id": "/subscriptions/daa01f88-199d-4602-96dc-e60571419112/resourceGroups/agriprice-rg",
            "location": "centralindia",
            "managed_by": "",
            "name": "agriprice-rg",
            "tags": {},
            "timeouts": null
          },
          "sensitive_attributes": [],
          "identity_schema_version": 0,
          "private": "eyJlMmJmYjczMC1lY2FhLTExZTYtOGY4OC0zNDM2M2JjN2M0YzAiOnsiY3JlYXRlIjo1NDAwMDAwMDAwMDAwLCJkZWxldGUiOjU0MDAwMDAwMDAwMDAsInJlYWQiOjMwMDAwMDAwMDAwMCwidXBkYXRlIjo1NDAwMDAwMDAwMDAwfX0="
        }
      ]
    },
    {
      "mode": "managed",
      "type": "azurerm_subnet",
      "name": "subnet",
      "provider": "provider[\"registry.terraform.io/hashicorp/azurerm\"]",
      "instances": [
        {
          "schema_version": 0,
          "attributes": {
            "address_prefixes": [
              "10.0.1.0/24"
            ],
            "default_outbound_access_enabled": true,
            "delegation": [],
            "enforce_private_link_endpoint_network_policies": false,
            "enforce_private_link_service_network_policies": false,
            "id": "/subscriptions/daa01f88-199d-4602-96dc-e60571419112/resourceGroups/agriprice-rg/providers/Microsoft.Network/virtualNetworks/agriprice-vnet/subnets/agriprice-subnet",
            "name": "agriprice-subnet",
            "private_endpoint_network_policies": "Enabled",
            "private_endpoint_network_policies_enabled": true,
            "private_link_service_network_policies_enabled": true,
            "resource_group_name": "agriprice-rg",
            "service_endpoint_policy_ids": [],
            "service_endpoints": [],
            "timeouts": null,
            "virtual_network_name": "agriprice-vnet"
          },
          "sensitive_attributes": [],
          "identity_schema_version": 0,
          "private": "eyJlMmJmYjczMC1lY2FhLTExZTYtOGY4OC0zNDM2M2JjN2M0YzAiOnsiY3JlYXRlIjoxODAwMDAwMDAwMDAwLCJkZWxldGUiOjE4MDAwMDAwMDAwMDAsInJlYWQiOjMwMDAwMDAwMDAwMCwidXBkYXRlIjoxODAwMDAwMDAwMDAwfX0=",
          "dependencies": [
            "azurerm_resource_group.rg",
            "azurerm_virtual_network.vnet"
          ]
        }
      ]
    },
    {
      "mode": "managed",
      "type": "azurerm_subnet_network_security_group_association",
      "name": "nsg_assoc",
      "provider": "provider[\"registry.terraform.io/hashicorp/azurerm\"]",
      "instances": [
        {
          "schema_version": 0,
          "attributes": {
            "id": "/subscriptions/daa01f88-199d-4602-96dc-e60571419112/resourceGroups/agriprice-rg/providers/Microsoft.Network/virtualNetworks/agriprice-vnet/subnets/agriprice-subnet",
            "network_security_group_id": "/subscriptions/daa01f88-199d-4602-96dc-e60571419112/resourceGroups/agriprice-rg/providers/Microsoft.Network/networkSecurityGroups/agriprice-nsg",
            "subnet_id": "/subscriptions/daa01f88-199d-4602-96dc-e60571419112/resourceGroups/agriprice-rg/providers/Microsoft.Network/virtualNetworks/agriprice-vnet/subnets/agriprice-subnet",
            "timeouts": null
          },
          "sensitive_attributes": [],
          "identity_schema_version": 0,
          "private": "eyJlMmJmYjczMC1lY2FhLTExZTYtOGY4OC0zNDM2M2JjN2M0YzAiOnsiY3JlYXRlIjoxODAwMDAwMDAwMDAwLCJkZWxldGUiOjE4MDAwMDAwMDAwMDAsInJlYWQiOjMwMDAwMDAwMDAwMH19",
          "dependencies": [
            "azurerm_network_security_group.nsg",
            "azurerm_resource_group.rg",
            "azurerm_subnet.subnet",
            "azurerm_virtual_network.vnet"
          ]
        }
      ]
    },
    {
      "mode": "managed",
      "type": "azurerm_virtual_network",
      "name": "vnet",
      "provider": "provider[\"registry.terraform.io/hashicorp/azurerm\"]",
      "instances": [
        {
          "schema_version": 0,
          "attributes": {
            "address_space": [
              "10.0.0.0/16"
            ],
            "bgp_community": "",
            "ddos_protection_plan": [],
            "dns_servers": [],
            "edge_zone": "",
            "encryption": [],
            "flow_timeout_in_minutes": 0,
            "guid": "6bc278da-7347-4b55-94b4-08e18102ff70",
            "id": "/subscriptions/daa01f88-199d-4602-96dc-e60571419112/resourceGroups/agriprice-rg/providers/Microsoft.Network/virtualNetworks/agriprice-vnet",
            "location": "centralindia",
            "name": "agriprice-vnet",
            "resource_group_name": "agriprice-rg",
            "subnet": [
              {
                "address_prefix": "10.0.1.0/24",
                "id": "/subscriptions/daa01f88-199d-4602-96dc-e60571419112/resourceGroups/agriprice-rg/providers/Microsoft.Network/virtualNetworks/agriprice-vnet/subnets/agriprice-subnet",
                "name": "agriprice-subnet",
                "security_group": ""
              }
            ],
            "tags": {},
            "timeouts": null
          },
          "sensitive_attributes": [],
          "identity_schema_version": 0,
          "private": "eyJlMmJmYjczMC1lY2FhLTExZTYtOGY4OC0zNDM2M2JjN2M0YzAiOnsiY3JlYXRlIjoxODAwMDAwMDAwMDAwLCJkZWxldGUiOjE4MDAwMDAwMDAwMDAsInJlYWQiOjMwMDAwMDAwMDAwMCwidXBkYXRlIjoxODAwMDAwMDAwMDAwfX0=",
          "dependencies": [
            "azurerm_resource_group.rg"
          ]
        }
      ]
    }
  ],
  "check_results": null
}
